
Microsoft Visual Studio Solution File, Format Version 12.00
# Visual Studio Version 17
VisualStudioVersion = 17.2.32616.157
MinimumVisualStudioVersion = 10.0.40219.1
Project("{FAE04EC0-301F-11D3-BF4B-00C04F79EFBC}") = "FlightFinder", "FlightFinder.csproj", "{381AEA94-9F44-47EB-ADDD-401BFB2E54DD}"
EndProject
Global
	GlobalSection(SolutionConfigurationPlatforms) = preSolution
		Debug|Any CPU = Debug|Any CPU
		Release|Any CPU = Release|Any CPU
	EndGlobalSection
	GlobalSection(ProjectConfigurationPlatforms) = postSolution
		{381AEA94-9F44-47EB-ADDD-401BFB2E54DD}.Debug|Any CPU.ActiveCfg = Debug|Any CPU
		{381AEA94-9F44-47EB-ADDD-401BFB2E54DD}.Debug|Any CPU.Build.0 = Debug|Any CPU
		{381AEA94-9F44-47EB-ADDD-401BFB2E54DD}.Release|Any CPU.ActiveCfg = Release|Any CPU
		{381AEA94-9F44-47EB-ADDD-401BFB2E54DD}.Release|Any CPU.Build.0 = Release|Any CPU
	EndGlobalSection
	GlobalSection(SolutionProperties) = preSolution
		HideSolutionNode = FALSE
	EndGlobalSection
	GlobalSection(ExtensibilityGlobals) = postSolution
		SolutionGuid = {DF9E0B53-C559-4C61-920A-3B992F7079B6}
	EndGlobalSection
EndGlobal
